
Microsoft Visual Studio Solution File, Format Version 12.00
# Visual Studio Version 16
VisualStudioVersion = 16.0.31229.75
MinimumVisualStudioVersion = 10.0.40219.1
Project("{FAE04EC0-301F-11D3-BF4B-00C04F79EFBC}") = "MovieApp", "MovieApp\MovieApp.csproj", "{7996C153-1CA8-47D1-A668-F6ED6AD56AAD}"
EndProject
Project("{2150E333-8FDC-42A3-9474-1A3956D46DE8}") = "Solution Items", "Solution Items", "{77527904-6930-4595-A99F-09ADA5BCB6D0}"
	ProjectSection(SolutionItems) = preProject
		README.md = README.md
	EndProjectSection
EndProject
Global
	GlobalSection(SolutionConfigurationPlatforms) = preSolution
		Debug|Any CPU = Debug|Any CPU
		Release|Any CPU = Release|Any CPU
	EndGlobalSection
	GlobalSection(ProjectConfigurationPlatforms) = postSolution
		{7996C153-1CA8-47D1-A668-F6ED6AD56AAD}.Debug|Any CPU.ActiveCfg = Debug|Any CPU
		{7996C153-1CA8-47D1-A668-F6ED6AD56AAD}.Debug|Any CPU.Build.0 = Debug|Any CPU
		{7996C153-1CA8-47D1-A668-F6ED6AD56AAD}.Release|Any CPU.ActiveCfg = Release|Any CPU
		{7996C153-1CA8-47D1-A668-F6ED6AD56AAD}.Release|Any CPU.Build.0 = Release|Any CPU
	EndGlobalSection
	GlobalSection(SolutionProperties) = preSolution
		HideSolutionNode = FALSE
	EndGlobalSection
	GlobalSection(ExtensibilityGlobals) = postSolution
		SolutionGuid = {ADFAC8B8-822A-4B57-9869-9AD4B4442261}
	EndGlobalSection
EndGlobal
